
Microsoft Visual Studio Solution File, Format Version 12.00
# Visual Studio 15
VisualStudioVersion = 15.0.27130.2010
MinimumVisualStudioVersion = 10.0.40219.1
Project("{8BC9CEB8-8B4A-11D0-8D11-00A0C91BC942}") = "stereo_match_test", "stereo_match_test\stereo_match_test.vcxproj", "{10185002-E651-4F12-84FA-39FB35E0954E}"
EndProject
Global
	GlobalSection(SolutionConfigurationPlatforms) = preSolution
		Debug|x64 = Debug|x64
		Debug|x86 = Debug|x86
		Release|x64 = Release|x64
		Release|x86 = Release|x86
	EndGlobalSection
	GlobalSection(ProjectConfigurationPlatforms) = postSolution
		{10185002-E651-4F12-84FA-39FB35E0954E}.Debug|x64.ActiveCfg = Debug|x64
		{10185002-E651-4F12-84FA-39FB35E0954E}.Debug|x64.Build.0 = Debug|x64
		{10185002-E651-4F12-84FA-39FB35E0954E}.Debug|x86.ActiveCfg = Debug|Win32
		{10185002-E651-4F12-84FA-39FB35E0954E}.Debug|x86.Build.0 = Debug|Win32
		{10185002-E651-4F12-84FA-39FB35E0954E}.Release|x64.ActiveCfg = Release|x64
		{10185002-E651-4F12-84FA-39FB35E0954E}.Release|x64.Build.0 = Release|x64
		{10185002-E651-4F12-84FA-39FB35E0954E}.Release|x86.ActiveCfg = Release|Win32
		{10185002-E651-4F12-84FA-39FB35E0954E}.Release|x86.Build.0 = Release|Win32
	EndGlobalSection
	GlobalSection(SolutionProperties) = preSolution
		HideSolutionNode = FALSE
	EndGlobalSection
	GlobalSection(ExtensibilityGlobals) = postSolution
		SolutionGuid = {99BBF9E0-0B85-40E0-BDB4-4E8F618D6800}
	EndGlobalSection
EndGlobal
